lockfileVersion: '9.0'

settings:
  autoInstallPeers: true
  excludeLinksFromLockfile: false

importers:

  .:
    dependencies:
      fake-cjs-lib:
        specifier: file:./fake-cjs-lib
        version: file:fake-cjs-lib
    devDependencies:
      '@rslib/core':
        specifier: ^0.22.0
        version: 0.22.0(typescript@6.0.3)
      typescript:
        specifier: ^6.0.3
        version: 6.0.3

packages:

  '@ast-grep/napi-darwin-arm64@0.37.0':
    resolution: {integrity: sha512-QAiIiaAbLvMEg/yBbyKn+p1gX2/FuaC0SMf7D7capm/oG4xGMzdeaQIcSosF4TCxxV+hIH4Bz9e4/u7w6Bnk3Q==}
    engines: {node: '>= 10'}
    cpu: [arm64]
    os: [darwin]

  '@ast-grep/napi-darwin-x64@0.37.0':
    resolution: {integrity: sha512-zvcvdgekd4ySV3zUbUp8HF5nk5zqwiMXTuVzTUdl/w08O7JjM6XPOIVT+d2o/MqwM9rsXdzdergY5oY2RdhSPA==}
    engines: {node: '>= 10'}
    cpu: [x64]
    os: [darwin]

  '@ast-grep/napi-linux-arm64-gnu@0.37.0':
    resolution: {integrity: sha512-L7Sj0lXy8X+BqSMgr1LB8cCoWk0rericdeu+dC8/c8zpsav5Oo2IQKY1PmiZ7H8IHoFBbURLf8iklY9wsD+cyA==}
    engines: {node: '>= 10'}
    cpu: [arm64]
    os: [linux]
    libc: [glibc]

  '@ast-grep/napi-linux-arm64-musl@0.37.0':
    resolution: {integrity: sha512-LF9sAvYy6es/OdyJDO3RwkX3I82Vkfsng1sqUBcoWC1jVb1wX5YVzHtpQox9JrEhGl+bNp7FYxB4Qba9OdA5GA==}
    engines: {node: '>= 10'}
    cpu: [arm64]
    os: [linux]
    libc: [musl]

  '@ast-grep/napi-linux-x64-gnu@0.37.0':
    resolution: {integrity: sha512-TViz5/klqre6aSmJzswEIjApnGjJzstG/SE8VDWsrftMBMYt2PTu3MeluZVwzSqDao8doT/P+6U11dU05UOgxw==}
    engines: {node: '>= 10'}
    cpu: [x64]
    os: [linux]
    libc: [glibc]

  '@ast-grep/napi-linux-x64-musl@0.37.0':
    resolution: {integrity: sha512-/BcCH33S9E3ovOAEoxYngUNXgb+JLg991sdyiNP2bSoYd30a9RHrG7CYwW6fMgua3ijQ474eV6cq9yZO1bCpXg==}
    engines: {node: '>= 10'}
    cpu: [x64]
    os: [linux]
    libc: [musl]

  '@ast-grep/napi-win32-arm64-msvc@0.37.0':
    resolution: {integrity: sha512-TjQA4cFoIEW2bgjLkaL9yqT4XWuuLa5MCNd0VCDhGRDMNQ9+rhwi9eLOWRaap3xzT7g+nlbcEHL3AkVCD2+b3A==}
    engines: {node: '>= 10'}
    cpu: [arm64]
    os: [win32]

  '@ast-grep/napi-win32-ia32-msvc@0.37.0':
    resolution: {integrity: sha512-uNmVka8fJCdYsyOlF9aZqQMLTatEYBynjChVTzUfFMDfmZ0bihs/YTqJVbkSm8TZM7CUX82apvn50z/dX5iWRA==}
    engines: {node: '>= 10'}
    cpu: [ia32]
    os: [win32]

  '@ast-grep/napi-win32-x64-msvc@0.37.0':
    resolution: {integrity: sha512-vCiFOT3hSCQuHHfZ933GAwnPzmL0G04JxQEsBRfqONywyT8bSdDc/ECpAfr3S9VcS4JZ9/F6tkePKW/Om2Dq2g==}
    engines: {node: '>= 10'}
    cpu: [x64]
    os: [win32]

  '@ast-grep/napi@0.37.0':
    resolution: {integrity: sha512-Hb4o6h1Pf6yRUAX07DR4JVY7dmQw+RVQMW5/m55GoiAT/VRoKCWBtIUPPOnqDVhbx1Cjfil9b6EDrgJsUAujEQ==}
    engines: {node: '>= 10'}

  '@emnapi/core@1.10.0':
    resolution: {integrity: sha512-yq6OkJ4p82CAfPl0u9mQebQHKPJkY7WrIuk205cTYnYe+k2Z8YBh11FrbRG/H6ihirqcacOgl2BIO8oyMQLeXw==}

  '@emnapi/runtime@1.10.0':
    resolution: {integrity: sha512-ewvYlk86xUoGI0zQRNq/mC+16R1QeDlKQy21Ki3oSYXNgLb45GV1P6A0M+/s6nyCuNDqe5VpaY84BzXGwVbwFA==}

  '@emnapi/wasi-threads@1.2.1':
    resolution: {integrity: sha512-uTII7OYF+/Mes/MrcIOYp5yOtSMLBWSIoLPpcgwipoiKbli6k322tcoFsxoIIxPDqW01SQGAgko4EzZi2BNv2w==}

  '@napi-rs/wasm-runtime@1.1.4':
    resolution: {integrity: sha512-3NQNNgA1YSlJb/kMH1ildASP9HW7/7kYnRI2szWJaofaS1hWmbGI4H+d3+22aGzXXN9IJ+n+GiFVcGipJP18ow==}
    peerDependencies:
      '@emnapi/core': ^1.7.1
      '@emnapi/runtime': ^1.7.1

  '@rsbuild/core@2.0.11':
    resolution: {integrity: sha512-Mpp/viUSkVdSWJkFipdZxM2nUztrBwSnMm6Q86bPzLHtHnXqQ3VFpSMlA4wWRyySNddP6s6efKiVpx0ZOCf7Gg==}
    engines: {node: ^20.19.0 || >=22.12.0}
    hasBin: true
    peerDependencies:
      core-js: '>= 3.0.0'
    peerDependenciesMeta:
      core-js:
        optional: true

  '@rslib/core@0.22.0':
    resolution: {integrity: sha512-DGTMBDTSdILac0SmeBWvdYf/ZDn09vXgbJQ3/N1J7i6vBpFGWCCKjARoz1R5jYqr1Z9tLJ1OfOVZktbNY/XXuA==}
    engines: {node: ^20.19.0 || >=22.12.0}
    hasBin: true
    peerDependencies:
      '@microsoft/api-extractor': ^7
      typescript: ^5 || ^6
    peerDependenciesMeta:
      '@microsoft/api-extractor':
        optional: true
      typescript:
        optional: true

  '@rspack/binding-darwin-arm64@2.0.6':
    resolution: {integrity: sha512-0giCKiWlBfcM4i2scv1j2k9HlSecO9Ybhaa5wsMUyvcFeKr9HbNHh7C2eDFlC6zaI85IUdY71TXF/g/Tcxr9MA==}
    cpu: [arm64]
    os: [darwin]

  '@rspack/binding-darwin-x64@2.0.6':
    resolution: {integrity: sha512-/mMo2IpI02aOKMlHbVbZue3TJxFqHGX+ibVTdEO+6bzRSuHs7+R9KM5U3XH2YxcWJy5Sid1X1T1pJAjsXcE3rA==}
    cpu: [x64]
    os: [darwin]

  '@rspack/binding-linux-arm64-gnu@2.0.6':
    resolution: {integrity: sha512-H6ACzeM1KBxYDEF8YAim3501Jb1aCsSG79Gjm1M4pwJ5OJPK2ydiJEa438ugXmh0962eKYMHI2yZY0sQq8txaw==}
    cpu: [arm64]
    os: [linux]
    libc: [glibc]

  '@rspack/binding-linux-arm64-musl@2.0.6':
    resolution: {integrity: sha512-QTFmBg0n+L397Wi8CIjbd5pe/hxpHnqCDaG1A7e2NWX8Fj9zulAoKLiKflQa1ELEhAY4Foq88aX75+Ilt2tHcw==}
    cpu: [arm64]
    os: [linux]
    libc: [musl]

  '@rspack/binding-linux-x64-gnu@2.0.6':
    resolution: {integrity: sha512-rerCAz022zf0ewxI+7n3SrqLEaxCL+MXRxKjK5FLUGFa8UkIrivq+VUP/1OB6JLh2Bucebc7Y9WoWHvtk22mLA==}
    cpu: [x64]
    os: [linux]
    libc: [glibc]

  '@rspack/binding-linux-x64-musl@2.0.6':
    resolution: {integrity: sha512-96IgOFXQjX6Wbxd+DCYJFy2r/VMu1OoHifW4Cr3kGTYDKoQOIMLwb0ieu/ILp2dGWFMZo5S8odiByAmNICAOIA==}
    cpu: [x64]
    os: [linux]
    libc: [musl]

  '@rspack/binding-wasm32-wasi@2.0.6':
    resolution: {integrity: sha512-0aWiF+qmdb0csp1x+MaR2o1pscoquLaEbLTVdKjmoTRs6sguMemtB1ObnVTahAUL73P66WePuNpFAJ81zNdqzQ==}
    cpu: [wasm32]

  '@rspack/binding-win32-arm64-msvc@2.0.6':
    resolution: {integrity: sha512-BX638A1MXsjc2E3tUskVh3X/WBIHjLKK+lo395v7MmEL9u2BA6l3F6RyW+YaJOt5aEOOv83iA7iCZsviVZ49Uw==}
    cpu: [arm64]
    os: [win32]

  '@rspack/binding-win32-ia32-msvc@2.0.6':
    resolution: {integrity: sha512-DCK/+MlN35uvH7tp4j0hbg8wIs9MHArMIrNZXtiD8xP6DNw2wrXcGC1VaxxR5apyWpqXAfIL/KsXBiWS3ygCvg==}
    cpu: [ia32]
    os: [win32]

  '@rspack/binding-win32-x64-msvc@2.0.6':
    resolution: {integrity: sha512-TxutgzdEX9BkAU/5liKxdQmggJ23INz7EZDWtzSJO6C2SiSYzTJdyPQDIJi1ddkM5TX/drzH184gAJMVOQefng==}
    cpu: [x64]
    os: [win32]

  '@rspack/binding@2.0.6':
    resolution: {integrity: sha512-z5EO9mPlmYNpHAlRGub0Chr6D+Klgy+tX36n7tCm7VRGRlwTmTU9wSENrYbHcCpFbegtrE0s30rDeTBeOu+JiQ==}

  '@rspack/core@2.0.6':
    resolution: {integrity: sha512-ronRqH1T2dYdMFVOQbGvDNxYaLugQK8qhNYYtS2DbOvPKQYvdIYWDenL9k/WV+hLoknnPWMn2ME2cKJcK3Po+g==}
    engines: {node: ^20.19.0 || >=22.12.0}
    peerDependencies:
      '@module-federation/runtime-tools': ^0.24.1 || ^2.0.0
      '@swc/helpers': ^0.5.23
    peerDependenciesMeta:
      '@module-federation/runtime-tools':
        optional: true
      '@swc/helpers':
        optional: true

  '@swc/helpers@0.5.23':
    resolution: {integrity: sha512-5lSsMOTXURePglDfvuAQUqkGek9Hg2kksOYay2m0+XR++b2NWYL/4sWyuvVBIs8oKnJaxkdi9whaL/sqN13afw==}

  '@tybys/wasm-util@0.10.2':
    resolution: {integrity: sha512-RoBvJ2X0wuKlWFIjrwffGw1IqZHKQqzIchKaadZZfnNpsAYp2mM0h36JtPCjNDAHGgYez/15uMBpfGwchhiMgg==}

  fake-cjs-lib@file:fake-cjs-lib:
    resolution: {directory: fake-cjs-lib, type: directory}

  rsbuild-plugin-dts@0.22.0:
    resolution: {integrity: sha512-Oyiu5oJDHWOnBv7yRr8eAGfoEddwxfPqUbAX6HvcJxrnR/h6Zd0VgTBWVTgqALYhLcL2ZdyZ2vwnqfhan4krwA==}
    engines: {node: ^20.19.0 || >=22.12.0}
    peerDependencies:
      '@microsoft/api-extractor': ^7
      '@rsbuild/core': ^1.0.0 || ^2.0.0-0
      '@typescript/native-preview': 7.x
      typescript: ^5 || ^6
    peerDependenciesMeta:
      '@microsoft/api-extractor':
        optional: true
      '@typescript/native-preview':
        optional: true
      typescript:
        optional: true

  tslib@2.8.1:
    resolution: {integrity: sha512-oJFu94HQb+KVduSUQL7wnpmqnfmLsOA/nAh6b6EH0wCEoK0/mPeXU6c3wKDV83MkOuHPRHtSXKKU99IBazS/2w==}

  typescript@6.0.3:
    resolution: {integrity: sha512-y2TvuxSZPDyQakkFRPZHKFm+KKVqIisdg9/CZwm9ftvKXLP8NRWj38/ODjNbr43SsoXqNuAisEf1GdCxqWcdBw==}
    engines: {node: '>=14.17'}
    hasBin: true

snapshots:

  '@ast-grep/napi-darwin-arm64@0.37.0':
    optional: true

  '@ast-grep/napi-darwin-x64@0.37.0':
    optional: true

  '@ast-grep/napi-linux-arm64-gnu@0.37.0':
    optional: true

  '@ast-grep/napi-linux-arm64-musl@0.37.0':
    optional: true

  '@ast-grep/napi-linux-x64-gnu@0.37.0':
    optional: true

  '@ast-grep/napi-linux-x64-musl@0.37.0':
    optional: true

  '@ast-grep/napi-win32-arm64-msvc@0.37.0':
    optional: true

  '@ast-grep/napi-win32-ia32-msvc@0.37.0':
    optional: true

  '@ast-grep/napi-win32-x64-msvc@0.37.0':
    optional: true

  '@ast-grep/napi@0.37.0':
    optionalDependencies:
      '@ast-grep/napi-darwin-arm64': 0.37.0
      '@ast-grep/napi-darwin-x64': 0.37.0
      '@ast-grep/napi-linux-arm64-gnu': 0.37.0
      '@ast-grep/napi-linux-arm64-musl': 0.37.0
      '@ast-grep/napi-linux-x64-gnu': 0.37.0
      '@ast-grep/napi-linux-x64-musl': 0.37.0
      '@ast-grep/napi-win32-arm64-msvc': 0.37.0
      '@ast-grep/napi-win32-ia32-msvc': 0.37.0
      '@ast-grep/napi-win32-x64-msvc': 0.37.0

  '@emnapi/core@1.10.0':
    dependencies:
      '@emnapi/wasi-threads': 1.2.1
      tslib: 2.8.1
    optional: true

  '@emnapi/runtime@1.10.0':
    dependencies:
      tslib: 2.8.1
    optional: true

  '@emnapi/wasi-threads@1.2.1':
    dependencies:
      tslib: 2.8.1
    optional: true

  '@napi-rs/wasm-runtime@1.1.4(@emnapi/core@1.10.0)(@emnapi/runtime@1.10.0)':
    dependencies:
      '@emnapi/core': 1.10.0
      '@emnapi/runtime': 1.10.0
      '@tybys/wasm-util': 0.10.2
    optional: true

  '@rsbuild/core@2.0.11':
    dependencies:
      '@rspack/core': 2.0.6(@swc/helpers@0.5.23)
      '@swc/helpers': 0.5.23
    transitivePeerDependencies:
      - '@module-federation/runtime-tools'

  '@rslib/core@0.22.0(typescript@6.0.3)':
    dependencies:
      '@rsbuild/core': 2.0.11
      rsbuild-plugin-dts: 0.22.0(@rsbuild/core@2.0.11)(typescript@6.0.3)
    optionalDependencies:
      typescript: 6.0.3
    transitivePeerDependencies:
      - '@module-federation/runtime-tools'
      - '@typescript/native-preview'
      - core-js

  '@rspack/binding-darwin-arm64@2.0.6':
    optional: true

  '@rspack/binding-darwin-x64@2.0.6':
    optional: true

  '@rspack/binding-linux-arm64-gnu@2.0.6':
    optional: true

  '@rspack/binding-linux-arm64-musl@2.0.6':
    optional: true

  '@rspack/binding-linux-x64-gnu@2.0.6':
    optional: true

  '@rspack/binding-linux-x64-musl@2.0.6':
    optional: true

  '@rspack/binding-wasm32-wasi@2.0.6':
    dependencies:
      '@emnapi/core': 1.10.0
      '@emnapi/runtime': 1.10.0
      '@napi-rs/wasm-runtime': 1.1.4(@emnapi/core@1.10.0)(@emnapi/runtime@1.10.0)
    optional: true

  '@rspack/binding-win32-arm64-msvc@2.0.6':
    optional: true

  '@rspack/binding-win32-ia32-msvc@2.0.6':
    optional: true

  '@rspack/binding-win32-x64-msvc@2.0.6':
    optional: true

  '@rspack/binding@2.0.6':
    optionalDependencies:
      '@rspack/binding-darwin-arm64': 2.0.6
      '@rspack/binding-darwin-x64': 2.0.6
      '@rspack/binding-linux-arm64-gnu': 2.0.6
      '@rspack/binding-linux-arm64-musl': 2.0.6
      '@rspack/binding-linux-x64-gnu': 2.0.6
      '@rspack/binding-linux-x64-musl': 2.0.6
      '@rspack/binding-wasm32-wasi': 2.0.6
      '@rspack/binding-win32-arm64-msvc': 2.0.6
      '@rspack/binding-win32-ia32-msvc': 2.0.6
      '@rspack/binding-win32-x64-msvc': 2.0.6

  '@rspack/core@2.0.6(@swc/helpers@0.5.23)':
    dependencies:
      '@rspack/binding': 2.0.6
    optionalDependencies:
      '@swc/helpers': 0.5.23

  '@swc/helpers@0.5.23':
    dependencies:
      tslib: 2.8.1

  '@tybys/wasm-util@0.10.2':
    dependencies:
      tslib: 2.8.1
    optional: true

  fake-cjs-lib@file:fake-cjs-lib: {}

  rsbuild-plugin-dts@0.22.0(@rsbuild/core@2.0.11)(typescript@6.0.3):
    dependencies:
      '@ast-grep/napi': 0.37.0
      '@rsbuild/core': 2.0.11
    optionalDependencies:
      typescript: 6.0.3

  tslib@2.8.1: {}

  typescript@6.0.3: {}
